
Microsoft Visual Studio Solution File, Format Version 12.00
# Visual Studio Version 16
VisualStudioVersion = 16.0.30330.147
MinimumVisualStudioVersion = 10.0.40219.1
Project("{FAE04EC0-301F-11D3-BF4B-00C04F79EFBC}") = "ReChetoMiAhoracado", "ReChetoMiAhoracado\ReChetoMiAhoracado.csproj", "{BCBC2845-C30B-4100-B1A5-BEB76267CC92}"
EndProject
Project("{FAE04EC0-301F-11D3-BF4B-00C04F79EFBC}") = "Business.Entities", "Business Entities\Business.Entities.csproj", "{16F1FFA4-D30D-47DA-B5D7-AEB3865346C5}"
EndProject
Project("{FAE04EC0-301F-11D3-BF4B-00C04F79EFBC}") = "Data.Database", "Data.Database\Data.Database.csproj", "{C9699EEB-7CC0-4503-821B-C6A726909704}"
EndProject
Project("{FAE04EC0-301F-11D3-BF4B-00C04F79EFBC}") = "Bussiness.Logic", "Bussiness.Logic\Bussiness.Logic.csproj", "{2E425ACE-0EBF-4715-BF93-1270E29F1027}"
EndProject
Project("{FAE04EC0-301F-11D3-BF4B-00C04F79EFBC}") = "Web", "..\..\Users\Joaco\Desktop\ReChetoMiAhorcado-Sprint2\Web\Web.csproj", "{A1C42242-E360-4241-870A-DF11DC3D28A6}"
EndProject
Global
	GlobalSection(SolutionConfigurationPlatforms) = preSolution
		Debug|Any CPU = Debug|Any CPU
		Release|Any CPU = Release|Any CPU
	EndGlobalSection
	GlobalSection(ProjectConfigurationPlatforms) = postSolution
		{BCBC2845-C30B-4100-B1A5-BEB76267CC92}.Debug|Any CPU.ActiveCfg = Debug|Any CPU
		{BCBC2845-C30B-4100-B1A5-BEB76267CC92}.Debug|Any CPU.Build.0 = Debug|Any CPU
		{BCBC2845-C30B-4100-B1A5-BEB76267CC92}.Release|Any CPU.ActiveCfg = Release|Any CPU
		{BCBC2845-C30B-4100-B1A5-BEB76267CC92}.Release|Any CPU.Build.0 = Release|Any CPU
		{16F1FFA4-D30D-47DA-B5D7-AEB3865346C5}.Debug|Any CPU.ActiveCfg = Debug|Any CPU
		{16F1FFA4-D30D-47DA-B5D7-AEB3865346C5}.Debug|Any CPU.Build.0 = Debug|Any CPU
		{16F1FFA4-D30D-47DA-B5D7-AEB3865346C5}.Release|Any CPU.ActiveCfg = Release|Any CPU
		{16F1FFA4-D30D-47DA-B5D7-AEB3865346C5}.Release|Any CPU.Build.0 = Release|Any CPU
		{C9699EEB-7CC0-4503-821B-C6A726909704}.Debug|Any CPU.ActiveCfg = Debug|Any CPU
		{C9699EEB-7CC0-4503-821B-C6A726909704}.Debug|Any CPU.Build.0 = Debug|Any CPU
		{C9699EEB-7CC0-4503-821B-C6A726909704}.Release|Any CPU.ActiveCfg = Release|Any CPU
		{C9699EEB-7CC0-4503-821B-C6A726909704}.Release|Any CPU.Build.0 = Release|Any CPU
		{2E425ACE-0EBF-4715-BF93-1270E29F1027}.Debug|Any CPU.ActiveCfg = Debug|Any CPU
		{2E425ACE-0EBF-4715-BF93-1270E29F1027}.Debug|Any CPU.Build.0 = Debug|Any CPU
		{2E425ACE-0EBF-4715-BF93-1270E29F1027}.Release|Any CPU.ActiveCfg = Release|Any CPU
		{2E425ACE-0EBF-4715-BF93-1270E29F1027}.Release|Any CPU.Build.0 = Release|Any CPU
		{A1C42242-E360-4241-870A-DF11DC3D28A6}.Debug|Any CPU.ActiveCfg = Debug|Any CPU
		{A1C42242-E360-4241-870A-DF11DC3D28A6}.Debug|Any CPU.Build.0 = Debug|Any CPU
		{A1C42242-E360-4241-870A-DF11DC3D28A6}.Release|Any CPU.ActiveCfg = Release|Any CPU
		{A1C42242-E360-4241-870A-DF11DC3D28A6}.Release|Any CPU.Build.0 = Release|Any CPU
	EndGlobalSection
	GlobalSection(SolutionProperties) = preSolution
		HideSolutionNode = FALSE
	EndGlobalSection
	GlobalSection(ExtensibilityGlobals) = postSolution
		SolutionGuid = {C9F48685-4267-4A5C-808F-508A8B7F98DA}
	EndGlobalSection
EndGlobal
